
Microsoft Visual Studio Solution File, Format Version 9.00
# Visual Studio 2005
Project("{FAE04EC0-301F-11D3-BF4B-00C04F79EFBC}") = "Wikiholic", "Wikiholic\Wikiholic.csproj", "{A9C918C3-170B-4FD1-B3A8-FA3FC91309B1}"
EndProject
Project("{FAE04EC0-301F-11D3-BF4B-00C04F79EFBC}") = "Wikiholic.ConfluencePlugin", "Wikiholic.ConfluencePlugin\Wikiholic.ConfluencePlugin.csproj", "{8DAADD89-0FC8-485B-A81E-8C235971375F}"
EndProject
Project("{FAE04EC0-301F-11D3-BF4B-00C04F79EFBC}") = "WikiholicPlugin", "WikiholicPlugin\WikiholicPlugin.csproj", "{AE44F5E3-7252-4886-8E8E-116B55CA155C}"
EndProject
Project("{FAE04EC0-301F-11D3-BF4B-00C04F79EFBC}") = "WikiholicCore", "WikiholicCore\WikiholicCore.csproj", "{BC6B431A-E0E4-4B84-A9F6-9176E506266F}"
EndProject
Global
	GlobalSection(SolutionConfigurationPlatforms) = preSolution
		Debug|Any CPU = Debug|Any CPU
		Release|Any CPU = Release|Any CPU
	EndGlobalSection
	GlobalSection(ProjectConfigurationPlatforms) = postSolution
		{A9C918C3-170B-4FD1-B3A8-FA3FC91309B1}.Debug|Any CPU.ActiveCfg = Debug|Any CPU
		{A9C918C3-170B-4FD1-B3A8-FA3FC91309B1}.Debug|Any CPU.Build.0 = Debug|Any CPU
		{A9C918C3-170B-4FD1-B3A8-FA3FC91309B1}.Release|Any CPU.ActiveCfg = Release|Any CPU
		{A9C918C3-170B-4FD1-B3A8-FA3FC91309B1}.Release|Any CPU.Build.0 = Release|Any CPU
		{8DAADD89-0FC8-485B-A81E-8C235971375F}.Debug|Any CPU.ActiveCfg = Debug|Any CPU
		{8DAADD89-0FC8-485B-A81E-8C235971375F}.Debug|Any CPU.Build.0 = Debug|Any CPU
		{8DAADD89-0FC8-485B-A81E-8C235971375F}.Release|Any CPU.ActiveCfg = Release|Any CPU
		{8DAADD89-0FC8-485B-A81E-8C235971375F}.Release|Any CPU.Build.0 = Release|Any CPU
		{AE44F5E3-7252-4886-8E8E-116B55CA155C}.Debug|Any CPU.ActiveCfg = Debug|Any CPU
		{AE44F5E3-7252-4886-8E8E-116B55CA155C}.Debug|Any CPU.Build.0 = Debug|Any CPU
		{AE44F5E3-7252-4886-8E8E-116B55CA155C}.Release|Any CPU.ActiveCfg = Release|Any CPU
		{AE44F5E3-7252-4886-8E8E-116B55CA155C}.Release|Any CPU.Build.0 = Release|Any CPU
		{BC6B431A-E0E4-4B84-A9F6-9176E506266F}.Debug|Any CPU.ActiveCfg = Debug|Any CPU
		{BC6B431A-E0E4-4B84-A9F6-9176E506266F}.Debug|Any CPU.Build.0 = Debug|Any CPU
		{BC6B431A-E0E4-4B84-A9F6-9176E506266F}.Release|Any CPU.ActiveCfg = Release|Any CPU
		{BC6B431A-E0E4-4B84-A9F6-9176E506266F}.Release|Any CPU.Build.0 = Release|Any CPU
	EndGlobalSection
	GlobalSection(SolutionProperties) = preSolution
		HideSolutionNode = FALSE
	EndGlobalSection
EndGlobal
