
Microsoft Visual Studio Solution File, Format Version 9.00
# Visual Studio 2005
Project("{FAE04EC0-301F-11D3-BF4B-00C04F79EFBC}") = "TestWikiholicUsingRBPV2", "TestWikiholicUsingRBPV2\TestWikiholicUsingRBPV2.csproj", "{3A3948AD-F9A7-4625-9D39-68BAD649706F}"
EndProject
Project("{FAE04EC0-301F-11D3-BF4B-00C04F79EFBC}") = "Wikiholic", "Wikiholic\Wikiholic.csproj", "{B9C99CCF-8264-44C8-A5AE-1938F48FE49B}"
EndProject
Project("{FAE04EC0-301F-11D3-BF4B-00C04F79EFBC}") = "Wikiholic.Trac", "Wikiholic.Trac\Wikiholic.Trac.csproj", "{7B03BDA7-1771-4CF9-85E3-AC5FA54F6AD9}"
EndProject
Global
	GlobalSection(SolutionConfigurationPlatforms) = preSolution
		Debug|Any CPU = Debug|Any CPU
		Release|Any CPU = Release|Any CPU
	EndGlobalSection
	GlobalSection(ProjectConfigurationPlatforms) = postSolution
		{3A3948AD-F9A7-4625-9D39-68BAD649706F}.Debug|Any CPU.ActiveCfg = Debug|Any CPU
		{3A3948AD-F9A7-4625-9D39-68BAD649706F}.Debug|Any CPU.Build.0 = Debug|Any CPU
		{3A3948AD-F9A7-4625-9D39-68BAD649706F}.Release|Any CPU.ActiveCfg = Release|Any CPU
		{3A3948AD-F9A7-4625-9D39-68BAD649706F}.Release|Any CPU.Build.0 = Release|Any CPU
		{B9C99CCF-8264-44C8-A5AE-1938F48FE49B}.Debug|Any CPU.ActiveCfg = Debug|Any CPU
		{B9C99CCF-8264-44C8-A5AE-1938F48FE49B}.Debug|Any CPU.Build.0 = Debug|Any CPU
		{B9C99CCF-8264-44C8-A5AE-1938F48FE49B}.Release|Any CPU.ActiveCfg = Release|Any CPU
		{B9C99CCF-8264-44C8-A5AE-1938F48FE49B}.Release|Any CPU.Build.0 = Release|Any CPU
		{7B03BDA7-1771-4CF9-85E3-AC5FA54F6AD9}.Debug|Any CPU.ActiveCfg = Debug|Any CPU
		{7B03BDA7-1771-4CF9-85E3-AC5FA54F6AD9}.Debug|Any CPU.Build.0 = Debug|Any CPU
		{7B03BDA7-1771-4CF9-85E3-AC5FA54F6AD9}.Release|Any CPU.ActiveCfg = Release|Any CPU
		{7B03BDA7-1771-4CF9-85E3-AC5FA54F6AD9}.Release|Any CPU.Build.0 = Release|Any CPU
	EndGlobalSection
	GlobalSection(SolutionProperties) = preSolution
		HideSolutionNode = FALSE
	EndGlobalSection
EndGlobal
